
Microsoft Visual Studio Solution File, Format Version 12.00
# Visual Studio Version 16
VisualStudioVersion = 16.0.32002.261
MinimumVisualStudioVersion = 10.0.40219.1
Project("{8BC9CEB8-8B4A-11D0-8D11-00A0C91BC942}") = "shiyan1.2", "shiyan1.2\shiyan1.2.vcxproj", "{8C35D521-D01E-483E-B3A5-39F4E02634BB}"
EndProject
Global
	GlobalSection(SolutionConfigurationPlatforms) = preSolution
		Debug|x64 = Debug|x64
		Debug|x86 = Debug|x86
		Release|x64 = Release|x64
		Release|x86 = Release|x86
	EndGlobalSection
	GlobalSection(ProjectConfigurationPlatforms) = postSolution
		{8C35D521-D01E-483E-B3A5-39F4E02634BB}.Debug|x64.ActiveCfg = Debug|x64
		{8C35D521-D01E-483E-B3A5-39F4E02634BB}.Debug|x64.Build.0 = Debug|x64
		{8C35D521-D01E-483E-B3A5-39F4E02634BB}.Debug|x86.ActiveCfg = Debug|Win32
		{8C35D521-D01E-483E-B3A5-39F4E02634BB}.Debug|x86.Build.0 = Debug|Win32
		{8C35D521-D01E-483E-B3A5-39F4E02634BB}.Release|x64.ActiveCfg = Release|x64
		{8C35D521-D01E-483E-B3A5-39F4E02634BB}.Release|x64.Build.0 = Release|x64
		{8C35D521-D01E-483E-B3A5-39F4E02634BB}.Release|x86.ActiveCfg = Release|Win32
		{8C35D521-D01E-483E-B3A5-39F4E02634BB}.Release|x86.Build.0 = Release|Win32
	EndGlobalSection
	GlobalSection(SolutionProperties) = preSolution
		HideSolutionNode = FALSE
	EndGlobalSection
	GlobalSection(ExtensibilityGlobals) = postSolution
		SolutionGuid = {9959788F-7B52-4A23-89F7-FB073B2E8BE2}
	EndGlobalSection
EndGlobal
